
Microsoft Visual Studio Solution File, Format Version 12.00
# Visual Studio Version 17
VisualStudioVersion = 17.2.32616.157
MinimumVisualStudioVersion = 10.0.40219.1
Project("{9A19103F-16F7-4668-BE54-9A1E7A4F7556}") = "RealWorldAPI", "RealWorldAPI\RealWorldAPI.csproj", "{E56318DF-539E-4353-AB68-179C3158C264}"
EndProject
Project("{9A19103F-16F7-4668-BE54-9A1E7A4F7556}") = "RealWorldApp.BAL", "RealWorldApp.BAL\RealWorldApp.BAL.csproj", "{83D68E95-4259-445B-B7F8-A3D5BB94D06E}"
EndProject
Project("{9A19103F-16F7-4668-BE54-9A1E7A4F7556}") = "RealWorldApp.DAL", "RealWorldApp.DAL\RealWorldApp.DAL.csproj", "{58652D16-DB60-47F7-B181-972EE55A2191}"
EndProject
Project("{9A19103F-16F7-4668-BE54-9A1E7A4F7556}") = "RealWorldApp.Commons", "RealWorldApp.Commons\RealWorldApp.Commons.csproj", "{B76FC8ED-F717-4CEC-93EF-4DEC3CDC2DE2}"
EndProject
Project("{FAE04EC0-301F-11D3-BF4B-00C04F79EFBC}") = "RealWorldAppAPI", "RealWorldAppAPI\RealWorldAppAPI.csproj", "{9B1B85BE-6B81-4425-96D1-F1EA227AAA70}"
EndProject
Global
	GlobalSection(SolutionConfigurationPlatforms) = preSolution
		Debug|Any CPU = Debug|Any CPU
		Release|Any CPU = Release|Any CPU
	EndGlobalSection
	GlobalSection(ProjectConfigurationPlatforms) = postSolution
		{E56318DF-539E-4353-AB68-179C3158C264}.Debug|Any CPU.ActiveCfg = Debug|Any CPU
		{E56318DF-539E-4353-AB68-179C3158C264}.Debug|Any CPU.Build.0 = Debug|Any CPU
		{E56318DF-539E-4353-AB68-179C3158C264}.Release|Any CPU.ActiveCfg = Release|Any CPU
		{E56318DF-539E-4353-AB68-179C3158C264}.Release|Any CPU.Build.0 = Release|Any CPU
		{83D68E95-4259-445B-B7F8-A3D5BB94D06E}.Debug|Any CPU.ActiveCfg = Debug|Any CPU
		{83D68E95-4259-445B-B7F8-A3D5BB94D06E}.Debug|Any CPU.Build.0 = Debug|Any CPU
		{83D68E95-4259-445B-B7F8-A3D5BB94D06E}.Release|Any CPU.ActiveCfg = Release|Any CPU
		{83D68E95-4259-445B-B7F8-A3D5BB94D06E}.Release|Any CPU.Build.0 = Release|Any CPU
		{58652D16-DB60-47F7-B181-972EE55A2191}.Debug|Any CPU.ActiveCfg = Debug|Any CPU
		{58652D16-DB60-47F7-B181-972EE55A2191}.Debug|Any CPU.Build.0 = Debug|Any CPU
		{58652D16-DB60-47F7-B181-972EE55A2191}.Release|Any CPU.ActiveCfg = Release|Any CPU
		{58652D16-DB60-47F7-B181-972EE55A2191}.Release|Any CPU.Build.0 = Release|Any CPU
		{B76FC8ED-F717-4CEC-93EF-4DEC3CDC2DE2}.Debug|Any CPU.ActiveCfg = Debug|Any CPU
		{B76FC8ED-F717-4CEC-93EF-4DEC3CDC2DE2}.Debug|Any CPU.Build.0 = Debug|Any CPU
		{B76FC8ED-F717-4CEC-93EF-4DEC3CDC2DE2}.Release|Any CPU.ActiveCfg = Release|Any CPU
		{B76FC8ED-F717-4CEC-93EF-4DEC3CDC2DE2}.Release|Any CPU.Build.0 = Release|Any CPU
		{9B1B85BE-6B81-4425-96D1-F1EA227AAA70}.Debug|Any CPU.ActiveCfg = Debug|Any CPU
		{9B1B85BE-6B81-4425-96D1-F1EA227AAA70}.Debug|Any CPU.Build.0 = Debug|Any CPU
		{9B1B85BE-6B81-4425-96D1-F1EA227AAA70}.Release|Any CPU.ActiveCfg = Release|Any CPU
		{9B1B85BE-6B81-4425-96D1-F1EA227AAA70}.Release|Any CPU.Build.0 = Release|Any CPU
	EndGlobalSection
	GlobalSection(SolutionProperties) = preSolution
		HideSolutionNode = FALSE
	EndGlobalSection
	GlobalSection(ExtensibilityGlobals) = postSolution
		SolutionGuid = {F3C30F8D-4ED0-4208-96E3-4A9B774B9C55}
	EndGlobalSection
EndGlobal
